{
  "version": 4,
  "terraform_version": "1.16.3",
  "serial": 4,
  "lineage": "7b8fdea4-87b3-1a24-92bc-eaf79c6bd449",
  "outputs": {},
  "resources": [
    {
      "mode": "managed",
      "type": "local_file",
      "name": "example",
      "provider": "provider[\"registry.terraform.io/hashicorp/local\"]",
      "instances": [
        {
          "schema_version": 0,
          "attributes": {
            "content": "Managed by Terraform! v2",
            "content_base64": null,
            "content_base64sha256": "54nBPF9KSLRUZN7AJZFG+iiTj1gb9JqQPn7sLC/YXpI=",
            "content_base64sha512": "GBaCNmJPqe8hJhQv02tyuV9KGIGQ0jhKUzQ+rv0sBLFGTUv5a/++VChqFXvWETTKuEX3d7zgwh3iyrojUNlZ8Q==",
            "content_md5": "778e23fe1302aed37f4fdfe756d00915",
            "content_sha1": "3f9e55638255ec2a11bfa88f6e3ecb5ae3a7a80f",
            "content_sha256": "e789c13c5f4a48b45464dec0259146fa28938f581bf49a903e7eec2c2fd85e92",
            "content_sha512": "18168236624fa9ef2126142fd36b72b95f4a188190d2384a53343eaefd2c04b1464d4bf96bffbe54286a157bd61134cab845f777bce0c21de2caba2350d959f1",
            "directory_permission": "0777",
            "file_permission": "0777",
            "filename": "./hello.txt",
            "id": "3f9e55638255ec2a11bfa88f6e3ecb5ae3a7a80f",
            "sensitive_content": null,
            "source": null
          },
          "sensitive_attributes": [
            [
              {
                "type": "get_attr",
                "value": "sensitive_content"
              }
            ]
          ],
          "identity_schema_version": 0
        }
      ]
    }
  ],
  "check_results": null
}
